
Microsoft Visual Studio Solution File, Format Version 12.00
# Visual Studio Version 16
VisualStudioVersion = 16.0.30204.135
MinimumVisualStudioVersion = 10.0.40219.1
Project("{FAE04EC0-301F-11D3-BF4B-00C04F79EFBC}") = "FunctionApp1", "FunctionApp1.csproj", "{4BC7EC47-37A2-4263-9EF9-92B9F0730155}"
EndProject
Project("{FAE04EC0-301F-11D3-BF4B-00C04F79EFBC}") = "WatchFunctionTests", ".\WatchFunctionTests\WatchFunctionTests.csproj", "{10F53B89-D335-4933-BD82-3D0B7B813990}"
EndProject
Global
	GlobalSection(SolutionConfigurationPlatforms) = preSolution
		Debug|Any CPU = Debug|Any CPU
		Release|Any CPU = Release|Any CPU
	EndGlobalSection
	GlobalSection(ProjectConfigurationPlatforms) = postSolution
		{4BC7EC47-37A2-4263-9EF9-92B9F0730155}.Debug|Any CPU.ActiveCfg = Debug|Any CPU
		{4BC7EC47-37A2-4263-9EF9-92B9F0730155}.Debug|Any CPU.Build.0 = Debug|Any CPU
		{4BC7EC47-37A2-4263-9EF9-92B9F0730155}.Release|Any CPU.ActiveCfg = Release|Any CPU
		{4BC7EC47-37A2-4263-9EF9-92B9F0730155}.Release|Any CPU.Build.0 = Release|Any CPU
		{10F53B89-D335-4933-BD82-3D0B7B813990}.Debug|Any CPU.ActiveCfg = Debug|Any CPU
		{10F53B89-D335-4933-BD82-3D0B7B813990}.Debug|Any CPU.Build.0 = Debug|Any CPU
		{10F53B89-D335-4933-BD82-3D0B7B813990}.Release|Any CPU.ActiveCfg = Release|Any CPU
		{10F53B89-D335-4933-BD82-3D0B7B813990}.Release|Any CPU.Build.0 = Release|Any CPU
	EndGlobalSection
	GlobalSection(SolutionProperties) = preSolution
		HideSolutionNode = FALSE
	EndGlobalSection
	GlobalSection(ExtensibilityGlobals) = postSolution
		SolutionGuid = {2BC304F3-0827-4269-AFD4-FFBD2C24E502}
	EndGlobalSection
EndGlobal
